PODS:
  - Alamofire (5.3.0)
  - Nuke (9.1.2)

DEPENDENCIES:
  - Alamofire (~> 5.2)
  - Nuke

SPEC REPOS:
  trunk:
    - Alamofire
    - Nuke

SPEC CHECKSUMS:
  Alamofire: 2c792affbdc2f18016e08fdbcacd60aebe1ba593
  Nuke: dd2e6be6a34c042a7861e190632781d11f253026

PODFILE CHECKSUM: 7b2fd4b3df67f6791cfe1f33ede0bd6c4e362767

COCOAPODS: 1.9.3
